
Microsoft Visual Studio Solution File, Format Version 12.00
Project("{FAE04EC0-301F-11D3-BF4B-00C04F79EFBC}") = "Course01Task05", "Course01Task05\Course01Task05.csproj", "{4E53D769-6855-4B1B-B073-266567331FE7}"
EndProject
Project("{FAE04EC0-301F-11D3-BF4B-00C04F79EFBC}") = "Task05Lib", "Task05Lib\Task05Lib.csproj", "{17B2516F-6C0D-4ADF-BD04-41D290277702}"
EndProject
Global
	GlobalSection(SolutionConfigurationPlatforms) = preSolution
		Debug|Any CPU = Debug|Any CPU
		Release|Any CPU = Release|Any CPU
	EndGlobalSection
	GlobalSection(ProjectConfigurationPlatforms) = postSolution
		{4E53D769-6855-4B1B-B073-266567331FE7}.Debug|Any CPU.ActiveCfg = Debug|Any CPU
		{4E53D769-6855-4B1B-B073-266567331FE7}.Debug|Any CPU.Build.0 = Debug|Any CPU
		{4E53D769-6855-4B1B-B073-266567331FE7}.Release|Any CPU.ActiveCfg = Release|Any CPU
		{4E53D769-6855-4B1B-B073-266567331FE7}.Release|Any CPU.Build.0 = Release|Any CPU
		{17B2516F-6C0D-4ADF-BD04-41D290277702}.Debug|Any CPU.ActiveCfg = Debug|Any CPU
		{17B2516F-6C0D-4ADF-BD04-41D290277702}.Debug|Any CPU.Build.0 = Debug|Any CPU
		{17B2516F-6C0D-4ADF-BD04-41D290277702}.Release|Any CPU.ActiveCfg = Release|Any CPU
		{17B2516F-6C0D-4ADF-BD04-41D290277702}.Release|Any CPU.Build.0 = Release|Any CPU
	EndGlobalSection
EndGlobal
