
Microsoft Visual Studio Solution File, Format Version 12.00
Project("{FAE04EC0-301F-11D3-BF4B-00C04F79EFBC}") = "Course01Task07", "Course01Task07\Course01Task07.csproj", "{3F608E3D-48F2-4A32-9471-51F9EBA597F9}"
EndProject
Project("{FAE04EC0-301F-11D3-BF4B-00C04F79EFBC}") = "Task07Lib", "Task07Lib\Task07Lib.csproj", "{C89AE5FA-4095-4B3F-B264-97AD6E08598E}"
EndProject
Global
	GlobalSection(SolutionConfigurationPlatforms) = preSolution
		Debug|Any CPU = Debug|Any CPU
		Release|Any CPU = Release|Any CPU
	EndGlobalSection
	GlobalSection(ProjectConfigurationPlatforms) = postSolution
		{3F608E3D-48F2-4A32-9471-51F9EBA597F9}.Debug|Any CPU.ActiveCfg = Debug|Any CPU
		{3F608E3D-48F2-4A32-9471-51F9EBA597F9}.Debug|Any CPU.Build.0 = Debug|Any CPU
		{3F608E3D-48F2-4A32-9471-51F9EBA597F9}.Release|Any CPU.ActiveCfg = Release|Any CPU
		{3F608E3D-48F2-4A32-9471-51F9EBA597F9}.Release|Any CPU.Build.0 = Release|Any CPU
		{C89AE5FA-4095-4B3F-B264-97AD6E08598E}.Debug|Any CPU.ActiveCfg = Debug|Any CPU
		{C89AE5FA-4095-4B3F-B264-97AD6E08598E}.Debug|Any CPU.Build.0 = Debug|Any CPU
		{C89AE5FA-4095-4B3F-B264-97AD6E08598E}.Release|Any CPU.ActiveCfg = Release|Any CPU
		{C89AE5FA-4095-4B3F-B264-97AD6E08598E}.Release|Any CPU.Build.0 = Release|Any CPU
	EndGlobalSection
EndGlobal
