
Microsoft Visual Studio Solution File, Format Version 12.00
Project("{FAE04EC0-301F-11D3-BF4B-00C04F79EFBC}") = "Course01Task03", "Course01Task03\Course01Task03.csproj", "{1A893DED-72E9-4DA0-9D9C-E3967FCE6BF5}"
EndProject
Project("{FAE04EC0-301F-11D3-BF4B-00C04F79EFBC}") = "Task03Lib", "Task03Lib\Task03Lib.csproj", "{B9478422-8E77-48F7-869C-FC78CF9F422B}"
EndProject
Global
	GlobalSection(SolutionConfigurationPlatforms) = preSolution
		Debug|Any CPU = Debug|Any CPU
		Release|Any CPU = Release|Any CPU
	EndGlobalSection
	GlobalSection(ProjectConfigurationPlatforms) = postSolution
		{1A893DED-72E9-4DA0-9D9C-E3967FCE6BF5}.Debug|Any CPU.ActiveCfg = Debug|Any CPU
		{1A893DED-72E9-4DA0-9D9C-E3967FCE6BF5}.Debug|Any CPU.Build.0 = Debug|Any CPU
		{1A893DED-72E9-4DA0-9D9C-E3967FCE6BF5}.Release|Any CPU.ActiveCfg = Release|Any CPU
		{1A893DED-72E9-4DA0-9D9C-E3967FCE6BF5}.Release|Any CPU.Build.0 = Release|Any CPU
		{B9478422-8E77-48F7-869C-FC78CF9F422B}.Debug|Any CPU.ActiveCfg = Debug|Any CPU
		{B9478422-8E77-48F7-869C-FC78CF9F422B}.Debug|Any CPU.Build.0 = Debug|Any CPU
		{B9478422-8E77-48F7-869C-FC78CF9F422B}.Release|Any CPU.ActiveCfg = Release|Any CPU
		{B9478422-8E77-48F7-869C-FC78CF9F422B}.Release|Any CPU.Build.0 = Release|Any CPU
	EndGlobalSection
EndGlobal
